
Microsoft Visual Studio Solution File, Format Version 12.00
# Visual Studio 14
VisualStudioVersion = 14.0.25420.1
MinimumVisualStudioVersion = 10.0.40219.1
Project("{FAE04EC0-301F-11D3-BF4B-00C04F79EFBC}") = "Orcamentos", "Orcamentos\Orcamentos.csproj", "{7ED5F7C4-F633-4949-A260-0131992D7AB6}"
EndProject
Project("{FAE04EC0-301F-11D3-BF4B-00C04F79EFBC}") = "Investimentos", "Investimentos\Investimentos.csproj", "{9063344D-CA3E-4FD2-87AB-695C1727D280}"
EndProject
Project("{FAE04EC0-301F-11D3-BF4B-00C04F79EFBC}") = "AplicacaoBancaria", "AplicacaoBancaria\AplicacaoBancaria.csproj", "{EE525CB7-0652-4683-B3D7-09D8D4759F18}"
EndProject
Project("{FAE04EC0-301F-11D3-BF4B-00C04F79EFBC}") = "Relatorios", "Relatorios\Relatorios.csproj", "{843B7EF6-3815-4FF3-8437-CE6E190C223B}"
EndProject
Project("{FAE04EC0-301F-11D3-BF4B-00C04F79EFBC}") = "Filtros", "Filtros\Filtros.csproj", "{4A5C4AD5-AED2-48ED-BF26-0DC9197D275E}"
EndProject
Project("{FAE04EC0-301F-11D3-BF4B-00C04F79EFBC}") = "Estados", "Estados\Estados.csproj", "{470DDBE7-A9D9-42F3-A8E3-4DF139AC4BC3}"
EndProject
Project("{FAE04EC0-301F-11D3-BF4B-00C04F79EFBC}") = "Builder", "Builder\Builder.csproj", "{72FC6BBD-E69D-482F-84CC-ECDBCD04103B}"
EndProject
Project("{FAE04EC0-301F-11D3-BF4B-00C04F79EFBC}") = "Solid", "Solid\Solid.csproj", "{A7A8F144-1B85-4CA0-9478-F5F3769BDD00}"
EndProject
Project("{FAE04EC0-301F-11D3-BF4B-00C04F79EFBC}") = "Solid3", "Solid3\Solid3.csproj", "{642E98FE-A8BA-4D3B-988F-517DF85168D8}"
EndProject
Project("{FAE04EC0-301F-11D3-BF4B-00C04F79EFBC}") = "Solid4", "Solid4\Solid4.csproj", "{FB26443A-86A0-4E4B-8B12-D8BF132FC1A1}"
EndProject
Project("{FAE04EC0-301F-11D3-BF4B-00C04F79EFBC}") = "Solid5", "Solid5\Solid5.csproj", "{38BAAFEA-ABFB-40ED-93C5-D327FE1BFF77}"
EndProject
Global
	GlobalSection(SolutionConfigurationPlatforms) = preSolution
		Debug|Any CPU = Debug|Any CPU
		Release|Any CPU = Release|Any CPU
	EndGlobalSection
	GlobalSection(ProjectConfigurationPlatforms) = postSolution
		{7ED5F7C4-F633-4949-A260-0131992D7AB6}.Debug|Any CPU.ActiveCfg = Debug|Any CPU
		{7ED5F7C4-F633-4949-A260-0131992D7AB6}.Debug|Any CPU.Build.0 = Debug|Any CPU
		{7ED5F7C4-F633-4949-A260-0131992D7AB6}.Release|Any CPU.ActiveCfg = Release|Any CPU
		{7ED5F7C4-F633-4949-A260-0131992D7AB6}.Release|Any CPU.Build.0 = Release|Any CPU
		{9063344D-CA3E-4FD2-87AB-695C1727D280}.Debug|Any CPU.ActiveCfg = Debug|Any CPU
		{9063344D-CA3E-4FD2-87AB-695C1727D280}.Debug|Any CPU.Build.0 = Debug|Any CPU
		{9063344D-CA3E-4FD2-87AB-695C1727D280}.Release|Any CPU.ActiveCfg = Release|Any CPU
		{9063344D-CA3E-4FD2-87AB-695C1727D280}.Release|Any CPU.Build.0 = Release|Any CPU
		{EE525CB7-0652-4683-B3D7-09D8D4759F18}.Debug|Any CPU.ActiveCfg = Debug|Any CPU
		{EE525CB7-0652-4683-B3D7-09D8D4759F18}.Debug|Any CPU.Build.0 = Debug|Any CPU
		{EE525CB7-0652-4683-B3D7-09D8D4759F18}.Release|Any CPU.ActiveCfg = Release|Any CPU
		{EE525CB7-0652-4683-B3D7-09D8D4759F18}.Release|Any CPU.Build.0 = Release|Any CPU
		{843B7EF6-3815-4FF3-8437-CE6E190C223B}.Debug|Any CPU.ActiveCfg = Debug|Any CPU
		{843B7EF6-3815-4FF3-8437-CE6E190C223B}.Debug|Any CPU.Build.0 = Debug|Any CPU
		{843B7EF6-3815-4FF3-8437-CE6E190C223B}.Release|Any CPU.ActiveCfg = Release|Any CPU
		{843B7EF6-3815-4FF3-8437-CE6E190C223B}.Release|Any CPU.Build.0 = Release|Any CPU
		{4A5C4AD5-AED2-48ED-BF26-0DC9197D275E}.Debug|Any CPU.ActiveCfg = Debug|Any CPU
		{4A5C4AD5-AED2-48ED-BF26-0DC9197D275E}.Debug|Any CPU.Build.0 = Debug|Any CPU
		{4A5C4AD5-AED2-48ED-BF26-0DC9197D275E}.Release|Any CPU.ActiveCfg = Release|Any CPU
		{4A5C4AD5-AED2-48ED-BF26-0DC9197D275E}.Release|Any CPU.Build.0 = Release|Any CPU
		{470DDBE7-A9D9-42F3-A8E3-4DF139AC4BC3}.Debug|Any CPU.ActiveCfg = Debug|Any CPU
		{470DDBE7-A9D9-42F3-A8E3-4DF139AC4BC3}.Debug|Any CPU.Build.0 = Debug|Any CPU
		{470DDBE7-A9D9-42F3-A8E3-4DF139AC4BC3}.Release|Any CPU.ActiveCfg = Release|Any CPU
		{470DDBE7-A9D9-42F3-A8E3-4DF139AC4BC3}.Release|Any CPU.Build.0 = Release|Any CPU
		{72FC6BBD-E69D-482F-84CC-ECDBCD04103B}.Debug|Any CPU.ActiveCfg = Debug|Any CPU
		{72FC6BBD-E69D-482F-84CC-ECDBCD04103B}.Debug|Any CPU.Build.0 = Debug|Any CPU
		{72FC6BBD-E69D-482F-84CC-ECDBCD04103B}.Release|Any CPU.ActiveCfg = Release|Any CPU
		{72FC6BBD-E69D-482F-84CC-ECDBCD04103B}.Release|Any CPU.Build.0 = Release|Any CPU
		{A7A8F144-1B85-4CA0-9478-F5F3769BDD00}.Debug|Any CPU.ActiveCfg = Debug|Any CPU
		{A7A8F144-1B85-4CA0-9478-F5F3769BDD00}.Debug|Any CPU.Build.0 = Debug|Any CPU
		{A7A8F144-1B85-4CA0-9478-F5F3769BDD00}.Release|Any CPU.ActiveCfg = Release|Any CPU
		{A7A8F144-1B85-4CA0-9478-F5F3769BDD00}.Release|Any CPU.Build.0 = Release|Any CPU
		{642E98FE-A8BA-4D3B-988F-517DF85168D8}.Debug|Any CPU.ActiveCfg = Debug|Any CPU
		{642E98FE-A8BA-4D3B-988F-517DF85168D8}.Debug|Any CPU.Build.0 = Debug|Any CPU
		{642E98FE-A8BA-4D3B-988F-517DF85168D8}.Release|Any CPU.ActiveCfg = Release|Any CPU
		{642E98FE-A8BA-4D3B-988F-517DF85168D8}.Release|Any CPU.Build.0 = Release|Any CPU
		{FB26443A-86A0-4E4B-8B12-D8BF132FC1A1}.Debug|Any CPU.ActiveCfg = Debug|Any CPU
		{FB26443A-86A0-4E4B-8B12-D8BF132FC1A1}.Debug|Any CPU.Build.0 = Debug|Any CPU
		{FB26443A-86A0-4E4B-8B12-D8BF132FC1A1}.Release|Any CPU.ActiveCfg = Release|Any CPU
		{FB26443A-86A0-4E4B-8B12-D8BF132FC1A1}.Release|Any CPU.Build.0 = Release|Any CPU
		{38BAAFEA-ABFB-40ED-93C5-D327FE1BFF77}.Debug|Any CPU.ActiveCfg = Debug|Any CPU
		{38BAAFEA-ABFB-40ED-93C5-D327FE1BFF77}.Debug|Any CPU.Build.0 = Debug|Any CPU
		{38BAAFEA-ABFB-40ED-93C5-D327FE1BFF77}.Release|Any CPU.ActiveCfg = Release|Any CPU
		{38BAAFEA-ABFB-40ED-93C5-D327FE1BFF77}.Release|Any CPU.Build.0 = Release|Any CPU
	EndGlobalSection
	GlobalSection(SolutionProperties) = preSolution
		HideSolutionNode = FALSE
	EndGlobalSection
EndGlobal
