
Microsoft Visual Studio Solution File, Format Version 12.00
# Visual Studio 14
VisualStudioVersion = 14.0.25420.1
MinimumVisualStudioVersion = 10.0.40219.1
Project("{FAE04EC0-301F-11D3-BF4B-00C04F79EFBC}") = "Orcamentos", "Orcamentos\Orcamentos.csproj", "{7ED5F7C4-F633-4949-A260-0131992D7AB6}"
EndProject
Project("{FAE04EC0-301F-11D3-BF4B-00C04F79EFBC}") = "Investimentos", "Investimentos\Investimentos.csproj", "{9063344D-CA3E-4FD2-87AB-695C1727D280}"
EndProject
Project("{FAE04EC0-301F-11D3-BF4B-00C04F79EFBC}") = "AplicacaoBancaria", "AplicacaoBancaria\AplicacaoBancaria.csproj", "{EE525CB7-0652-4683-B3D7-09D8D4759F18}"
EndProject
Global
	GlobalSection(SolutionConfigurationPlatforms) = preSolution
		Debug|Any CPU = Debug|Any CPU
		Release|Any CPU = Release|Any CPU
	EndGlobalSection
	GlobalSection(ProjectConfigurationPlatforms) = postSolution
		{7ED5F7C4-F633-4949-A260-0131992D7AB6}.Debug|Any CPU.ActiveCfg = Debug|Any CPU
		{7ED5F7C4-F633-4949-A260-0131992D7AB6}.Debug|Any CPU.Build.0 = Debug|Any CPU
		{7ED5F7C4-F633-4949-A260-0131992D7AB6}.Release|Any CPU.ActiveCfg = Release|Any CPU
		{7ED5F7C4-F633-4949-A260-0131992D7AB6}.Release|Any CPU.Build.0 = Release|Any CPU
		{9063344D-CA3E-4FD2-87AB-695C1727D280}.Debug|Any CPU.ActiveCfg = Debug|Any CPU
		{9063344D-CA3E-4FD2-87AB-695C1727D280}.Debug|Any CPU.Build.0 = Debug|Any CPU
		{9063344D-CA3E-4FD2-87AB-695C1727D280}.Release|Any CPU.ActiveCfg = Release|Any CPU
		{9063344D-CA3E-4FD2-87AB-695C1727D280}.Release|Any CPU.Build.0 = Release|Any CPU
		{EE525CB7-0652-4683-B3D7-09D8D4759F18}.Debug|Any CPU.ActiveCfg = Debug|Any CPU
		{EE525CB7-0652-4683-B3D7-09D8D4759F18}.Debug|Any CPU.Build.0 = Debug|Any CPU
		{EE525CB7-0652-4683-B3D7-09D8D4759F18}.Release|Any CPU.ActiveCfg = Release|Any CPU
		{EE525CB7-0652-4683-B3D7-09D8D4759F18}.Release|Any CPU.Build.0 = Release|Any CPU
	EndGlobalSection
	GlobalSection(SolutionProperties) = preSolution
		HideSolutionNode = FALSE
	EndGlobalSection
EndGlobal
